
Microsoft Visual Studio Solution File, Format Version 12.00
# Visual Studio 15
VisualStudioVersion = 15.0.28307.1321
MinimumVisualStudioVersion = 10.0.40219.1
Project("{FAE04EC0-301F-11D3-BF4B-00C04F79EFBC}") = "Ex04.Menus.Interfaces", "Ex04.Menus.Interfaces\Ex04.Menus.Interfaces.csproj", "{3C83C0CB-50A3-4263-BE8F-25A74443D30B}"
EndProject
Project("{FAE04EC0-301F-11D3-BF4B-00C04F79EFBC}") = "Ex04.Menus.Delegates", "Ex04.Menus.Delegates\Ex04.Menus.Delegates.csproj", "{D8877FA2-7A2F-4BDE-BDE7-70F615475BA4}"
EndProject
Project("{FAE04EC0-301F-11D3-BF4B-00C04F79EFBC}") = "Ex04.Menus.Test", "Ex04.Menus.Test\Ex04.Menus.Test.csproj", "{53342E52-82D9-4FC2-BB2B-AE3C9C3279EB}"
EndProject
Global
	GlobalSection(SolutionConfigurationPlatforms) = preSolution
		Debug|Any CPU = Debug|Any CPU
		Release|Any CPU = Release|Any CPU
	EndGlobalSection
	GlobalSection(ProjectConfigurationPlatforms) = postSolution
		{3C83C0CB-50A3-4263-BE8F-25A74443D30B}.Debug|Any CPU.ActiveCfg = Debug|Any CPU
		{3C83C0CB-50A3-4263-BE8F-25A74443D30B}.Debug|Any CPU.Build.0 = Debug|Any CPU
		{3C83C0CB-50A3-4263-BE8F-25A74443D30B}.Release|Any CPU.ActiveCfg = Release|Any CPU
		{3C83C0CB-50A3-4263-BE8F-25A74443D30B}.Release|Any CPU.Build.0 = Release|Any CPU
		{D8877FA2-7A2F-4BDE-BDE7-70F615475BA4}.Debug|Any CPU.ActiveCfg = Debug|Any CPU
		{D8877FA2-7A2F-4BDE-BDE7-70F615475BA4}.Debug|Any CPU.Build.0 = Debug|Any CPU
		{D8877FA2-7A2F-4BDE-BDE7-70F615475BA4}.Release|Any CPU.ActiveCfg = Release|Any CPU
		{D8877FA2-7A2F-4BDE-BDE7-70F615475BA4}.Release|Any CPU.Build.0 = Release|Any CPU
		{53342E52-82D9-4FC2-BB2B-AE3C9C3279EB}.Debug|Any CPU.ActiveCfg = Debug|Any CPU
		{53342E52-82D9-4FC2-BB2B-AE3C9C3279EB}.Debug|Any CPU.Build.0 = Debug|Any CPU
		{53342E52-82D9-4FC2-BB2B-AE3C9C3279EB}.Release|Any CPU.ActiveCfg = Release|Any CPU
		{53342E52-82D9-4FC2-BB2B-AE3C9C3279EB}.Release|Any CPU.Build.0 = Release|Any CPU
	EndGlobalSection
	GlobalSection(SolutionProperties) = preSolution
		HideSolutionNode = FALSE
	EndGlobalSection
	GlobalSection(ExtensibilityGlobals) = postSolution
		SolutionGuid = {72F53AE6-D1A2-40DC-8571-881FC3B5503A}
	EndGlobalSection
EndGlobal
