
Microsoft Visual Studio Solution File, Format Version 12.00
# Visual Studio 15
VisualStudioVersion = 15.0.28307.1321
MinimumVisualStudioVersion = 10.0.40219.1
Project("{FAE04EC0-301F-11D3-BF4B-00C04F79EFBC}") = "Ex05.WindowsUI", "Ex05.WindowsUI\Ex05.WindowsUI.csproj", "{4D6263DC-9821-40DA-8B80-B882543521D6}"
EndProject
Project("{FAE04EC0-301F-11D3-BF4B-00C04F79EFBC}") = "Ex05.Logic", "Ex05.Logic\Ex05.Logic.csproj", "{AB1888B8-2B2E-43B5-A9DF-F718B122FE2E}"
EndProject
Global
	GlobalSection(SolutionConfigurationPlatforms) = preSolution
		Debug|Any CPU = Debug|Any CPU
		Release|Any CPU = Release|Any CPU
	EndGlobalSection
	GlobalSection(ProjectConfigurationPlatforms) = postSolution
		{4D6263DC-9821-40DA-8B80-B882543521D6}.Debug|Any CPU.ActiveCfg = Debug|Any CPU
		{4D6263DC-9821-40DA-8B80-B882543521D6}.Debug|Any CPU.Build.0 = Debug|Any CPU
		{4D6263DC-9821-40DA-8B80-B882543521D6}.Release|Any CPU.ActiveCfg = Release|Any CPU
		{4D6263DC-9821-40DA-8B80-B882543521D6}.Release|Any CPU.Build.0 = Release|Any CPU
		{AB1888B8-2B2E-43B5-A9DF-F718B122FE2E}.Debug|Any CPU.ActiveCfg = Debug|Any CPU
		{AB1888B8-2B2E-43B5-A9DF-F718B122FE2E}.Debug|Any CPU.Build.0 = Debug|Any CPU
		{AB1888B8-2B2E-43B5-A9DF-F718B122FE2E}.Release|Any CPU.ActiveCfg = Release|Any CPU
		{AB1888B8-2B2E-43B5-A9DF-F718B122FE2E}.Release|Any CPU.Build.0 = Release|Any CPU
	EndGlobalSection
	GlobalSection(SolutionProperties) = preSolution
		HideSolutionNode = FALSE
	EndGlobalSection
	GlobalSection(ExtensibilityGlobals) = postSolution
		SolutionGuid = {FD095A84-8282-4CDD-9D10-F93BE6E113E5}
	EndGlobalSection
EndGlobal
